<?xml version="1.0" encoding="utf-8"?>
<Project ToolsVersion="4.0" xmlns="http://schemas.microsoft.com/developer/msbuild/2003">
  <ItemGroup>
    <Filter Include="Файлы исходного кода">
      <UniqueIdentifier>{4FC737F1-C7A5-4376-A066-2A32D752A2FF}</UniqueIdentifier>
      <Extensions>cpp;c;cc;cxx;def;odl;idl;hpj;bat;asm;asmx</Extensions>
    </Filter>
    <Filter Include="Заголовочные файлы">
      <UniqueIdentifier>{93995380-89BD-4b04-88EB-625FBE52EBFB}</UniqueIdentifier>
      <Extensions>h;hh;hpp;hxx;hm;inl;inc;xsd</Extensions>
    </Filter>
    <Filter Include="Файлы ресурсов">
      <UniqueIdentifier>{67DA6AB6-F800-4c08-8B7A-83BB121AAD01}</UniqueIdentifier>
      <Extensions>rc;ico;cur;bmp;dlg;rc2;rct;bin;rgs;gif;jpg;jpeg;jpe;resx;tiff;tif;png;wav;mfcribbon-ms</Extensions>
    </Filter>
    <Filter Include="Заголовочные файлы\Game">
      <UniqueIdentifier>{8189a908-820a-45e3-885c-73de1b788bc7}</UniqueIdentifier>
    </Filter>
    <Filter Include="Заголовочные файлы\Game\Misc">
      <UniqueIdentifier>{6fa1c835-d9ce-49ea-bcd4-c63e235177b0}</UniqueIdentifier>
    </Filter>
    <Filter Include="Заголовочные файлы\Game\Graphics">
      <UniqueIdentifier>{11dfacaf-e78f-4fc0-a73d-a61fd9e7ccdd}</UniqueIdentifier>
    </Filter>
    <Filter Include="Заголовочные файлы\Game\Game objects">
      <UniqueIdentifier>{66a6c00a-e686-4974-ab54-c4505967a62d}</UniqueIdentifier>
    </Filter>
    <Filter Include="Заголовочные файлы\Game\Game objects\Tank">
      <UniqueIdentifier>{0ddaed21-8fd9-489f-884b-aa2e34bfba22}</UniqueIdentifier>
    </Filter>
    <Filter Include="Заголовочные файлы\Game\Game objects\Tank\Missiles">
      <UniqueIdentifier>{c49378bf-5d71-48dd-8d6b-1b7511a73708}</UniqueIdentifier>
    </Filter>
    <Filter Include="Файлы исходного кода\Game">
      <UniqueIdentifier>{5034880b-274d-4ebe-b4db-b0250a112783}</UniqueIdentifier>
    </Filter>
    <Filter Include="Файлы исходного кода\Game\Game objects">
      <UniqueIdentifier>{cfd233ac-b594-4575-b1d7-e449ff0b11d0}</UniqueIdentifier>
    </Filter>
    <Filter Include="Файлы исходного кода\Game\Game objects\Tank">
      <UniqueIdentifier>{ab4532fd-2ba0-4f1a-bdd9-67406d993d06}</UniqueIdentifier>
    </Filter>
    <Filter Include="Файлы исходного кода\Game\Game objects\Tank\Missles">
      <UniqueIdentifier>{3469d3de-3071-4e1f-9e95-51f3f798f508}</UniqueIdentifier>
    </Filter>
    <Filter Include="Файлы исходного кода\Game\Graphics">
      <UniqueIdentifier>{ab8dcbf7-154c-48ab-92c9-00664def313d}</UniqueIdentifier>
    </Filter>
    <Filter Include="Файлы исходного кода\Game\Misc">
      <UniqueIdentifier>{a40e88e7-2799-4dd8-8c18-f4a554ab96af}</UniqueIdentifier>
    </Filter>
    <Filter Include="Файлы исходного кода\UI">
      <UniqueIdentifier>{bedd6e10-f66e-4dc1-b52e-b1510303d7d8}</UniqueIdentifier>
    </Filter>
    <Filter Include="Заголовочные файлы\UI">
      <UniqueIdentifier>{d40d3bd6-79bc-4b69-8184-ba63b40f2195}</UniqueIdentifier>
    </Filter>
    <Filter Include="Файлы исходного кода\Game\Graphics\Shaders">
      <UniqueIdentifier>{d3422266-eaed-4d52-b91d-b0e7d2796e6b}</UniqueIdentifier>
    </Filter>
    <Filter Include="Заголовочные файлы\Game\Graphics\Shaders">
      <UniqueIdentifier>{e21a970c-d61b-4adf-91e6-56cd9a92eecf}</UniqueIdentifier>
    </Filter>
  </ItemGroup>
  <ItemGroup>
    <ClCompile Include="STiV.cpp">
      <Filter>Файлы исходного кода</Filter>
    </ClCompile>
    <ClCompile Include="GameObject.cpp">
      <Filter>Файлы исходного кода\Game\Game objects</Filter>
    </ClCompile>
    <ClCompile Include="Sprite.cpp">
      <Filter>Файлы исходного кода\Game\Graphics</Filter>
    </ClCompile>
    <ClCompile Include="tgMath.cpp">
      <Filter>Файлы исходного кода\Game\Misc</Filter>
    </ClCompile>
    <ClCompile Include="UIButton.cpp">
      <Filter>Файлы исходного кода\UI</Filter>
    </ClCompile>
    <ClCompile Include="GravityObject.cpp">
      <Filter>Файлы исходного кода\Game\Game objects</Filter>
    </ClCompile>
    <ClCompile Include="MaterialStorage.cpp">
      <Filter>Файлы исходного кода\Game\Misc</Filter>
    </ClCompile>
    <ClCompile Include="Tank.cpp">
      <Filter>Файлы исходного кода\Game\Game objects\Tank</Filter>
    </ClCompile>
    <ClCompile Include="MissileSimpleBomb.cpp">
      <Filter>Файлы исходного кода\Game\Game objects\Tank\Missles</Filter>
    </ClCompile>
    <ClCompile Include="TankMissile.cpp">
      <Filter>Файлы исходного кода\Game\Game objects\Tank\Missles</Filter>
    </ClCompile>
    <ClCompile Include="GameObjectManager.cpp">
      <Filter>Файлы исходного кода\Game\Game objects</Filter>
    </ClCompile>
    <ClCompile Include="MissileSniper.cpp">
      <Filter>Файлы исходного кода\Game\Game objects\Tank\Missles</Filter>
    </ClCompile>
    <ClCompile Include="Bonus.cpp">
      <Filter>Файлы исходного кода\Game\Game objects</Filter>
    </ClCompile>
    <ClCompile Include="STanksGame.cpp">
      <Filter>Файлы исходного кода\Game</Filter>
    </ClCompile>
    <ClCompile Include="STGClient.cpp">
      <Filter>Файлы исходного кода\Game</Filter>
    </ClCompile>
    <ClCompile Include="PostProcessingManager.cpp">
      <Filter>Файлы исходного кода\Game\Graphics\Shaders</Filter>
    </ClCompile>
    <ClCompile Include="MultitargetShader.cpp">
      <Filter>Файлы исходного кода\Game\Graphics\Shaders</Filter>
    </ClCompile>
    <ClCompile Include="Timer.cpp">
      <Filter>Файлы исходного кода\Game\Misc</Filter>
    </ClCompile>
  </ItemGroup>
  <ItemGroup>
    <ClInclude Include="GameObject.h">
      <Filter>Заголовочные файлы\Game\Game objects</Filter>
    </ClInclude>
    <ClInclude Include="Sprite.h">
      <Filter>Заголовочные файлы\Game\Graphics</Filter>
    </ClInclude>
    <ClInclude Include="tgMath.h">
      <Filter>Заголовочные файлы\Game\Misc</Filter>
    </ClInclude>
    <ClInclude Include="Timer.h">
      <Filter>Заголовочные файлы\Game\Misc</Filter>
    </ClInclude>
    <ClInclude Include="GravityObject.h">
      <Filter>Заголовочные файлы\Game\Game objects</Filter>
    </ClInclude>
    <ClInclude Include="MaterialStorage.h">
      <Filter>Заголовочные файлы\Game\Misc</Filter>
    </ClInclude>
    <ClInclude Include="Tank.h">
      <Filter>Заголовочные файлы\Game\Game objects\Tank</Filter>
    </ClInclude>
    <ClInclude Include="MissileSimpleBomb.h">
      <Filter>Заголовочные файлы\Game\Game objects\Tank\Missiles</Filter>
    </ClInclude>
    <ClInclude Include="TankMissile.h">
      <Filter>Заголовочные файлы\Game\Game objects\Tank\Missiles</Filter>
    </ClInclude>
    <ClInclude Include="GameObjectManager.h">
      <Filter>Заголовочные файлы\Game\Game objects</Filter>
    </ClInclude>
    <ClInclude Include="MissileSniper.h">
      <Filter>Заголовочные файлы\Game\Game objects\Tank\Missiles</Filter>
    </ClInclude>
    <ClInclude Include="Bonus.h">
      <Filter>Заголовочные файлы\Game\Game objects</Filter>
    </ClInclude>
    <ClInclude Include="STanksGame.h">
      <Filter>Заголовочные файлы\Game</Filter>
    </ClInclude>
    <ClInclude Include="STGClient.h">
      <Filter>Заголовочные файлы\Game</Filter>
    </ClInclude>
    <ClInclude Include="UIButton.h">
      <Filter>Заголовочные файлы\UI</Filter>
    </ClInclude>
    <ClInclude Include="PostProcessingManager.h">
      <Filter>Заголовочные файлы\Game\Graphics\Shaders</Filter>
    </ClInclude>
    <ClInclude Include="MultitargetShader.h">
      <Filter>Заголовочные файлы\Game\Graphics\Shaders</Filter>
    </ClInclude>
  </ItemGroup>
</Project>